
Microsoft Visual Studio Solution File, Format Version 12.00
# Visual Studio Version 16
VisualStudioVersion = 16.0.29215.179
MinimumVisualStudioVersion = 10.0.40219.1
Project("{FAE04EC0-301F-11D3-BF4B-00C04F79EFBC}") = "Mech423Lab1", "Mech423Lab1\Mech423Lab1.csproj", "{0B71A1E3-02F5-4741-BDD5-31F90F4DA596}"
EndProject
Global
	GlobalSection(SolutionConfigurationPlatforms) = preSolution
		Debug|Any CPU = Debug|Any CPU
		Release|Any CPU = Release|Any CPU
	EndGlobalSection
	GlobalSection(ProjectConfigurationPlatforms) = postSolution
		{0B71A1E3-02F5-4741-BDD5-31F90F4DA596}.Debug|Any CPU.ActiveCfg = Debug|Any CPU
		{0B71A1E3-02F5-4741-BDD5-31F90F4DA596}.Debug|Any CPU.Build.0 = Debug|Any CPU
		{0B71A1E3-02F5-4741-BDD5-31F90F4DA596}.Release|Any CPU.ActiveCfg = Release|Any CPU
		{0B71A1E3-02F5-4741-BDD5-31F90F4DA596}.Release|Any CPU.Build.0 = Release|Any CPU
	EndGlobalSection
	GlobalSection(SolutionProperties) = preSolution
		HideSolutionNode = FALSE
	EndGlobalSection
	GlobalSection(ExtensibilityGlobals) = postSolution
		SolutionGuid = {ABFB1497-E9CF-4CF6-96E3-8B15C3FDFF5B}
	EndGlobalSection
EndGlobal
